
Microsoft Visual Studio Solution File, Format Version 12.00
Project("{FAE04EC0-301F-11D3-BF4B-00C04F79EFBC}") = "RiskGuard-Platform", "RiskGuard-Platform.csproj", "{6032D1DD-1800-4780-8956-4860FFDB1C4A}"
EndProject
Global
	GlobalSection(SolutionConfigurationPlatforms) = preSolution
		Debug|Any CPU = Debug|Any CPU
		Release|Any CPU = Release|Any CPU
	EndGlobalSection
	GlobalSection(ProjectConfigurationPlatforms) = postSolution
		{6032D1DD-1800-4780-8956-4860FFDB1C4A}.Debug|Any CPU.ActiveCfg = Debug|Any CPU
		{6032D1DD-1800-4780-8956-4860FFDB1C4A}.Debug|Any CPU.Build.0 = Debug|Any CPU
		{6032D1DD-1800-4780-8956-4860FFDB1C4A}.Release|Any CPU.ActiveCfg = Release|Any CPU
		{6032D1DD-1800-4780-8956-4860FFDB1C4A}.Release|Any CPU.Build.0 = Release|Any CPU
	EndGlobalSection
EndGlobal
